<?xml version="1.0" encoding="utf-8"?>
<Project ToolsVersion="4.0" xmlns="http://schemas.microsoft.com/developer/msbuild/2003">
  <ItemGroup>
    <Filter Include="Source Files">
      <UniqueIdentifier>{4FC737F1-C7A5-4376-A066-2A32D752A2FF}</UniqueIdentifier>
      <Extensions>cpp;c;cc;cxx;def;odl;idl;hpj;bat;asm;asmx</Extensions>
    </Filter>
    <Filter Include="Header Files">
      <UniqueIdentifier>{93995380-89BD-4b04-88EB-625FBE52EBFB}</UniqueIdentifier>
      <Extensions>h;hh;hpp;hxx;hm;inl;inc;xsd</Extensions>
    </Filter>
    <Filter Include="Resource Files">
      <UniqueIdentifier>{67DA6AB6-F800-4c08-8B7A-83BB121AAD01}</UniqueIdentifier>
      <Extensions>rc;ico;cur;bmp;dlg;rc2;rct;bin;rgs;gif;jpg;jpeg;jpe;resx;tiff;tif;png;wav;mfcribbon-ms</Extensions>
    </Filter>
    <Filter Include="Header Files\flaws">
      <UniqueIdentifier>{13a14c85-9c44-466b-aa16-8becf2be65d9}</UniqueIdentifier>
    </Filter>
    <Filter Include="Source Files\flaws">
      <UniqueIdentifier>{8f7cb4ce-0d1d-4fa8-b03d-97c09cd380ff}</UniqueIdentifier>
    </Filter>
    <Filter Include="Header Files\types">
      <UniqueIdentifier>{7181bbc0-aaaa-4d49-a77b-4c3ae4776190}</UniqueIdentifier>
    </Filter>
    <Filter Include="Source Files\types">
      <UniqueIdentifier>{1f794ea8-ef23-4a00-8dcd-f4e37a28a20b}</UniqueIdentifier>
    </Filter>
  </ItemGroup>
  <ItemGroup>
    <ClInclude Include="causal_graph.h">
      <Filter>Header Files</Filter>
    </ClInclude>
    <ClInclude Include="atom_flaw.h">
      <Filter>Header Files\flaws</Filter>
    </ClInclude>
    <ClInclude Include="disjunction_flaw.h">
      <Filter>Header Files\flaws</Filter>
    </ClInclude>
    <ClInclude Include="enum_flaw.h">
      <Filter>Header Files\flaws</Filter>
    </ClInclude>
    <ClInclude Include="flaw.h">
      <Filter>Header Files\flaws</Filter>
    </ClInclude>
    <ClInclude Include="resolver.h">
      <Filter>Header Files\flaws</Filter>
    </ClInclude>
    <ClInclude Include="smart_type.h">
      <Filter>Header Files</Filter>
    </ClInclude>
    <ClInclude Include="state_variable.h">
      <Filter>Header Files\types</Filter>
    </ClInclude>
    <ClInclude Include="reusable_resource.h">
      <Filter>Header Files\types</Filter>
    </ClInclude>
  </ItemGroup>
  <ItemGroup>
    <ClCompile Include="causal_graph.cpp">
      <Filter>Source Files</Filter>
    </ClCompile>
    <ClCompile Include="atom_flaw.cpp">
      <Filter>Source Files\flaws</Filter>
    </ClCompile>
    <ClCompile Include="disjunction_flaw.cpp">
      <Filter>Source Files\flaws</Filter>
    </ClCompile>
    <ClCompile Include="enum_flaw.cpp">
      <Filter>Source Files\flaws</Filter>
    </ClCompile>
    <ClCompile Include="flaw.cpp">
      <Filter>Source Files\flaws</Filter>
    </ClCompile>
    <ClCompile Include="resolver.cpp">
      <Filter>Source Files\flaws</Filter>
    </ClCompile>
    <ClCompile Include="state_variable.cpp">
      <Filter>Source Files\types</Filter>
    </ClCompile>
    <ClCompile Include="reusable_resource.cpp">
      <Filter>Source Files\types</Filter>
    </ClCompile>
  </ItemGroup>
  <ItemGroup>
    <None Include="init.rddl">
      <Filter>Resource Files</Filter>
    </None>
  </ItemGroup>
</Project>