<?xml version="1.0" encoding="utf-8"?>
<Project ToolsVersion="4.0" xmlns="http://schemas.microsoft.com/developer/msbuild/2003">
  <ItemGroup>
    <Filter Include="Source Files">
      <UniqueIdentifier>{4FC737F1-C7A5-4376-A066-2A32D752A2FF}</UniqueIdentifier>
      <Extensions>cpp;c;cc;cxx;def;odl;idl;hpj;bat;asm;asmx</Extensions>
    </Filter>
    <Filter Include="Header Files">
      <UniqueIdentifier>{93995380-89BD-4b04-88EB-625FBE52EBFB}</UniqueIdentifier>
      <Extensions>h;hh;hpp;hxx;hm;inl;inc;xsd</Extensions>
    </Filter>
    <Filter Include="Resource Files">
      <UniqueIdentifier>{67DA6AB6-F800-4c08-8B7A-83BB121AAD01}</UniqueIdentifier>
      <Extensions>rc;ico;cur;bmp;dlg;rc2;rct;bin;rgs;gif;jpg;jpeg;jpe;resx;tiff;tif;png;wav;mfcribbon-ms</Extensions>
    </Filter>
    <Filter Include="Header Files\theories">
      <UniqueIdentifier>{36057e35-5337-4aa5-bff8-a093ed2d8b42}</UniqueIdentifier>
    </Filter>
    <Filter Include="Header Files\theories\la">
      <UniqueIdentifier>{69f1fa4c-fe72-44b5-aa50-8ecce0741366}</UniqueIdentifier>
    </Filter>
    <Filter Include="Source Files\theories">
      <UniqueIdentifier>{fa5a4d78-b747-4b0e-9040-4b6b46208a08}</UniqueIdentifier>
    </Filter>
    <Filter Include="Source Files\theories\la">
      <UniqueIdentifier>{85923fd3-4077-49b7-bf92-c108417e0934}</UniqueIdentifier>
    </Filter>
  </ItemGroup>
  <ItemGroup>
    <ClInclude Include="clause.h">
      <Filter>Header Files</Filter>
    </ClInclude>
    <ClInclude Include="lit.h">
      <Filter>Header Files</Filter>
    </ClInclude>
    <ClInclude Include="sat_core.h">
      <Filter>Header Files</Filter>
    </ClInclude>
    <ClInclude Include="sat_value_listener.h">
      <Filter>Header Files</Filter>
    </ClInclude>
    <ClInclude Include="theory.h">
      <Filter>Header Files</Filter>
    </ClInclude>
    <ClInclude Include="visibility.h">
      <Filter>Header Files</Filter>
    </ClInclude>
    <ClInclude Include="la_theory.h">
      <Filter>Header Files\theories\la</Filter>
    </ClInclude>
    <ClInclude Include="la_value_listener.h">
      <Filter>Header Files\theories\la</Filter>
    </ClInclude>
    <ClInclude Include="lin.h">
      <Filter>Header Files\theories\la</Filter>
    </ClInclude>
    <ClInclude Include="interval.h">
      <Filter>Header Files\theories\la</Filter>
    </ClInclude>
  </ItemGroup>
  <ItemGroup>
    <ClCompile Include="clause.cpp">
      <Filter>Source Files</Filter>
    </ClCompile>
    <ClCompile Include="lit.cpp">
      <Filter>Source Files</Filter>
    </ClCompile>
    <ClCompile Include="sat_core.cpp">
      <Filter>Source Files</Filter>
    </ClCompile>
    <ClCompile Include="theory.cpp">
      <Filter>Source Files</Filter>
    </ClCompile>
    <ClCompile Include="lin.cpp">
      <Filter>Source Files\theories\la</Filter>
    </ClCompile>
    <ClCompile Include="la_theory.cpp">
      <Filter>Source Files\theories\la</Filter>
    </ClCompile>
    <ClCompile Include="interval.cpp">
      <Filter>Source Files\theories\la</Filter>
    </ClCompile>
  </ItemGroup>
</Project>